{
  "originHash" : "5c0402ad904e03a10031f353302f9a0708e60f659bbc6275365c4555b139dc85",
  "pins" : [
    {
      "identity" : "microclient",
      "kind" : "remoteSourceControl",
      "location" : "https://github.com/otaviocc/MicroClient",
      "state" : {
        "revision" : "442ca168e6320499a5f27607a2c59b6e4f75ff20",
        "version" : "0.0.28"
      }
    },
    {
      "identity" : "swift-argument-parser",
      "kind" : "remoteSourceControl",
      "location" : "https://github.com/apple/swift-argument-parser",
      "state" : {
        "revision" : "6a52f3251125d74daf04fcbd5e6f08a75d074382",
        "version" : "1.8.2"
      }
    }
  ],
  "version" : 3
}
