{
  "originHash" : "8ffd242dfa4d3fdc6da7e13e7828dd094bff87506d84ef8c54a7adde38614722",
  "pins" : [
    {
      "identity" : "microclient",
      "kind" : "remoteSourceControl",
      "location" : "https://github.com/otaviocc/MicroClient",
      "state" : {
        "revision" : "442ca168e6320499a5f27607a2c59b6e4f75ff20",
        "version" : "0.0.28"
      }
    }
  ],
  "version" : 3
}
